
Microsoft Visual Studio Solution File, Format Version 12.00
# Visual Studio Version 17
VisualStudioVersion = 17.0.32112.339
MinimumVisualStudioVersion = 10.0.40219.1
Project("{8BC9CEB8-8B4A-11D0-8D11-00A0C91BC942}") = "time", "solutions\time\Time.vcxproj", "{452AC1AC-81B2-4B5F-929F-E4B79D23D5F1}"
EndProject
Project("{8BC9CEB8-8B4A-11D0-8D11-00A0C91BC942}") = "helpers", "solutions\helpers\Helpers.vcxproj", "{0BE2B5D3-70FF-4C20-8C7E-24CF4938AD9D}"
EndProject
Project("{8BC9CEB8-8B4A-11D0-8D11-00A0C91BC942}") = "oxl", "solutions\oxl\oxl.vcxproj", "{5EEC6315-CC71-4149-B0DD-6FF4303F5C17}"
	ProjectSection(ProjectDependencies) = postProject
		{CD5BA075-6A85-46A7-AF26-ACE5F7A203B7} = {CD5BA075-6A85-46A7-AF26-ACE5F7A203B7}
	EndProjectSection
EndProject
Project("{8BC9CEB8-8B4A-11D0-8D11-00A0C91BC942}") = "dao", "solutions\dao\dao.vcxproj", "{14AA39ED-815A-4E2B-A8B5-631CAD5762E3}"
	ProjectSection(ProjectDependencies) = postProject
		{0BE2B5D3-70FF-4C20-8C7E-24CF4938AD9D} = {0BE2B5D3-70FF-4C20-8C7E-24CF4938AD9D}
		{452AC1AC-81B2-4B5F-929F-E4B79D23D5F1} = {452AC1AC-81B2-4B5F-929F-E4B79D23D5F1}
	EndProjectSection
EndProject
Project("{8BC9CEB8-8B4A-11D0-8D11-00A0C91BC942}") = "static_data_cache", "solutions\static_data_cache\static_data_cache.vcxproj", "{36138A7E-AFDD-4E53-8AD6-71BDD427031F}"
	ProjectSection(ProjectDependencies) = postProject
		{14AA39ED-815A-4E2B-A8B5-631CAD5762E3} = {14AA39ED-815A-4E2B-A8B5-631CAD5762E3}
		{452AC1AC-81B2-4B5F-929F-E4B79D23D5F1} = {452AC1AC-81B2-4B5F-929F-E4B79D23D5F1}
	EndProjectSection
EndProject
Project("{8BC9CEB8-8B4A-11D0-8D11-00A0C91BC942}") = "enum_mappers", "solutions\enum_mappers\enum_mappers.vcxproj", "{CD5BA075-6A85-46A7-AF26-ACE5F7A203B7}"
EndProject
Project("{8BC9CEB8-8B4A-11D0-8D11-00A0C91BC942}") = "BondMath", "solutions\BondMath\BondMath.vcxproj", "{A5B4D6F3-438B-44BE-A196-3F7BA115D1F6}"
EndProject
Project("{8BC9CEB8-8B4A-11D0-8D11-00A0C91BC942}") = "UnitTest", "solutions\UnitTest\UnitTest.vcxproj", "{ADA0FBA8-C692-435B-9557-FD9EB5E0B2C7}"
	ProjectSection(ProjectDependencies) = postProject
		{CD5BA075-6A85-46A7-AF26-ACE5F7A203B7} = {CD5BA075-6A85-46A7-AF26-ACE5F7A203B7}
	EndProjectSection
EndProject
Project("{8BC9CEB8-8B4A-11D0-8D11-00A0C91BC942}") = "derived_time", "solutions\derived_time\derived_time.vcxproj", "{36696965-BA1C-4307-9C62-022F13A768F8}"
EndProject
Global
	GlobalSection(SolutionConfigurationPlatforms) = preSolution
		Debug|Any CPU = Debug|Any CPU
		Debug|x64 = Debug|x64
		Debug|x86 = Debug|x86
		Release|Any CPU = Release|Any CPU
		Release|x64 = Release|x64
		Release|x86 = Release|x86
	EndGlobalSection
	GlobalSection(ProjectConfigurationPlatforms) = postSolution
		{452AC1AC-81B2-4B5F-929F-E4B79D23D5F1}.Debug|Any CPU.ActiveCfg = Debug|x64
		{452AC1AC-81B2-4B5F-929F-E4B79D23D5F1}.Debug|Any CPU.Build.0 = Debug|x64
		{452AC1AC-81B2-4B5F-929F-E4B79D23D5F1}.Debug|x64.ActiveCfg = Debug|x64
		{452AC1AC-81B2-4B5F-929F-E4B79D23D5F1}.Debug|x64.Build.0 = Debug|x64
		{452AC1AC-81B2-4B5F-929F-E4B79D23D5F1}.Debug|x86.ActiveCfg = Debug|Win32
		{452AC1AC-81B2-4B5F-929F-E4B79D23D5F1}.Debug|x86.Build.0 = Debug|Win32
		{452AC1AC-81B2-4B5F-929F-E4B79D23D5F1}.Release|Any CPU.ActiveCfg = Release|x64
		{452AC1AC-81B2-4B5F-929F-E4B79D23D5F1}.Release|Any CPU.Build.0 = Release|x64
		{452AC1AC-81B2-4B5F-929F-E4B79D23D5F1}.Release|x64.ActiveCfg = Release|x64
		{452AC1AC-81B2-4B5F-929F-E4B79D23D5F1}.Release|x64.Build.0 = Release|x64
		{452AC1AC-81B2-4B5F-929F-E4B79D23D5F1}.Release|x86.ActiveCfg = Release|Win32
		{452AC1AC-81B2-4B5F-929F-E4B79D23D5F1}.Release|x86.Build.0 = Release|Win32
		{0BE2B5D3-70FF-4C20-8C7E-24CF4938AD9D}.Debug|Any CPU.ActiveCfg = Debug|x64
		{0BE2B5D3-70FF-4C20-8C7E-24CF4938AD9D}.Debug|Any CPU.Build.0 = Debug|x64
		{0BE2B5D3-70FF-4C20-8C7E-24CF4938AD9D}.Debug|x64.ActiveCfg = Debug|x64
		{0BE2B5D3-70FF-4C20-8C7E-24CF4938AD9D}.Debug|x64.Build.0 = Debug|x64
		{0BE2B5D3-70FF-4C20-8C7E-24CF4938AD9D}.Debug|x86.ActiveCfg = Debug|Win32
		{0BE2B5D3-70FF-4C20-8C7E-24CF4938AD9D}.Debug|x86.Build.0 = Debug|Win32
		{0BE2B5D3-70FF-4C20-8C7E-24CF4938AD9D}.Release|Any CPU.ActiveCfg = Release|x64
		{0BE2B5D3-70FF-4C20-8C7E-24CF4938AD9D}.Release|Any CPU.Build.0 = Release|x64
		{0BE2B5D3-70FF-4C20-8C7E-24CF4938AD9D}.Release|x64.ActiveCfg = Release|x64
		{0BE2B5D3-70FF-4C20-8C7E-24CF4938AD9D}.Release|x64.Build.0 = Release|x64
		{0BE2B5D3-70FF-4C20-8C7E-24CF4938AD9D}.Release|x86.ActiveCfg = Release|Win32
		{0BE2B5D3-70FF-4C20-8C7E-24CF4938AD9D}.Release|x86.Build.0 = Release|Win32
		{5EEC6315-CC71-4149-B0DD-6FF4303F5C17}.Debug|Any CPU.ActiveCfg = Debug|x64
		{5EEC6315-CC71-4149-B0DD-6FF4303F5C17}.Debug|Any CPU.Build.0 = Debug|x64
		{5EEC6315-CC71-4149-B0DD-6FF4303F5C17}.Debug|x64.ActiveCfg = Debug|x64
		{5EEC6315-CC71-4149-B0DD-6FF4303F5C17}.Debug|x64.Build.0 = Debug|x64
		{5EEC6315-CC71-4149-B0DD-6FF4303F5C17}.Debug|x86.ActiveCfg = Debug|Win32
		{5EEC6315-CC71-4149-B0DD-6FF4303F5C17}.Debug|x86.Build.0 = Debug|Win32
		{5EEC6315-CC71-4149-B0DD-6FF4303F5C17}.Release|Any CPU.ActiveCfg = Release|x64
		{5EEC6315-CC71-4149-B0DD-6FF4303F5C17}.Release|x64.ActiveCfg = Release|x64
		{5EEC6315-CC71-4149-B0DD-6FF4303F5C17}.Release|x64.Build.0 = Release|x64
		{5EEC6315-CC71-4149-B0DD-6FF4303F5C17}.Release|x86.ActiveCfg = Release|Win32
		{14AA39ED-815A-4E2B-A8B5-631CAD5762E3}.Debug|Any CPU.ActiveCfg = Debug|x64
		{14AA39ED-815A-4E2B-A8B5-631CAD5762E3}.Debug|Any CPU.Build.0 = Debug|x64
		{14AA39ED-815A-4E2B-A8B5-631CAD5762E3}.Debug|x64.ActiveCfg = Debug|x64
		{14AA39ED-815A-4E2B-A8B5-631CAD5762E3}.Debug|x64.Build.0 = Debug|x64
		{14AA39ED-815A-4E2B-A8B5-631CAD5762E3}.Debug|x86.ActiveCfg = Debug|Win32
		{14AA39ED-815A-4E2B-A8B5-631CAD5762E3}.Debug|x86.Build.0 = Debug|Win32
		{14AA39ED-815A-4E2B-A8B5-631CAD5762E3}.Release|Any CPU.ActiveCfg = Release|x64
		{14AA39ED-815A-4E2B-A8B5-631CAD5762E3}.Release|Any CPU.Build.0 = Release|x64
		{14AA39ED-815A-4E2B-A8B5-631CAD5762E3}.Release|x64.ActiveCfg = Release|x64
		{14AA39ED-815A-4E2B-A8B5-631CAD5762E3}.Release|x64.Build.0 = Release|x64
		{14AA39ED-815A-4E2B-A8B5-631CAD5762E3}.Release|x86.ActiveCfg = Release|Win32
		{14AA39ED-815A-4E2B-A8B5-631CAD5762E3}.Release|x86.Build.0 = Release|Win32
		{36138A7E-AFDD-4E53-8AD6-71BDD427031F}.Debug|Any CPU.ActiveCfg = Debug|x64
		{36138A7E-AFDD-4E53-8AD6-71BDD427031F}.Debug|Any CPU.Build.0 = Debug|x64
		{36138A7E-AFDD-4E53-8AD6-71BDD427031F}.Debug|x64.ActiveCfg = Debug|x64
		{36138A7E-AFDD-4E53-8AD6-71BDD427031F}.Debug|x64.Build.0 = Debug|x64
		{36138A7E-AFDD-4E53-8AD6-71BDD427031F}.Debug|x86.ActiveCfg = Debug|Win32
		{36138A7E-AFDD-4E53-8AD6-71BDD427031F}.Debug|x86.Build.0 = Debug|Win32
		{36138A7E-AFDD-4E53-8AD6-71BDD427031F}.Release|Any CPU.ActiveCfg = Release|x64
		{36138A7E-AFDD-4E53-8AD6-71BDD427031F}.Release|Any CPU.Build.0 = Release|x64
		{36138A7E-AFDD-4E53-8AD6-71BDD427031F}.Release|x64.ActiveCfg = Release|x64
		{36138A7E-AFDD-4E53-8AD6-71BDD427031F}.Release|x64.Build.0 = Release|x64
		{36138A7E-AFDD-4E53-8AD6-71BDD427031F}.Release|x86.ActiveCfg = Release|Win32
		{36138A7E-AFDD-4E53-8AD6-71BDD427031F}.Release|x86.Build.0 = Release|Win32
		{CD5BA075-6A85-46A7-AF26-ACE5F7A203B7}.Debug|Any CPU.ActiveCfg = Debug|x64
		{CD5BA075-6A85-46A7-AF26-ACE5F7A203B7}.Debug|Any CPU.Build.0 = Debug|x64
		{CD5BA075-6A85-46A7-AF26-ACE5F7A203B7}.Debug|x64.ActiveCfg = Debug|x64
		{CD5BA075-6A85-46A7-AF26-ACE5F7A203B7}.Debug|x64.Build.0 = Debug|x64
		{CD5BA075-6A85-46A7-AF26-ACE5F7A203B7}.Debug|x86.ActiveCfg = Debug|Win32
		{CD5BA075-6A85-46A7-AF26-ACE5F7A203B7}.Debug|x86.Build.0 = Debug|Win32
		{CD5BA075-6A85-46A7-AF26-ACE5F7A203B7}.Release|Any CPU.ActiveCfg = Release|x64
		{CD5BA075-6A85-46A7-AF26-ACE5F7A203B7}.Release|Any CPU.Build.0 = Release|x64
		{CD5BA075-6A85-46A7-AF26-ACE5F7A203B7}.Release|x64.ActiveCfg = Release|x64
		{CD5BA075-6A85-46A7-AF26-ACE5F7A203B7}.Release|x64.Build.0 = Release|x64
		{CD5BA075-6A85-46A7-AF26-ACE5F7A203B7}.Release|x86.ActiveCfg = Release|Win32
		{CD5BA075-6A85-46A7-AF26-ACE5F7A203B7}.Release|x86.Build.0 = Release|Win32
		{A5B4D6F3-438B-44BE-A196-3F7BA115D1F6}.Debug|Any CPU.ActiveCfg = Debug|x64
		{A5B4D6F3-438B-44BE-A196-3F7BA115D1F6}.Debug|Any CPU.Build.0 = Debug|x64
		{A5B4D6F3-438B-44BE-A196-3F7BA115D1F6}.Debug|x64.ActiveCfg = Debug|x64
		{A5B4D6F3-438B-44BE-A196-3F7BA115D1F6}.Debug|x64.Build.0 = Debug|x64
		{A5B4D6F3-438B-44BE-A196-3F7BA115D1F6}.Debug|x86.ActiveCfg = Debug|Win32
		{A5B4D6F3-438B-44BE-A196-3F7BA115D1F6}.Debug|x86.Build.0 = Debug|Win32
		{A5B4D6F3-438B-44BE-A196-3F7BA115D1F6}.Release|Any CPU.ActiveCfg = Release|x64
		{A5B4D6F3-438B-44BE-A196-3F7BA115D1F6}.Release|Any CPU.Build.0 = Release|x64
		{A5B4D6F3-438B-44BE-A196-3F7BA115D1F6}.Release|x64.ActiveCfg = Release|x64
		{A5B4D6F3-438B-44BE-A196-3F7BA115D1F6}.Release|x64.Build.0 = Release|x64
		{A5B4D6F3-438B-44BE-A196-3F7BA115D1F6}.Release|x86.ActiveCfg = Release|Win32
		{A5B4D6F3-438B-44BE-A196-3F7BA115D1F6}.Release|x86.Build.0 = Release|Win32
		{ADA0FBA8-C692-435B-9557-FD9EB5E0B2C7}.Debug|Any CPU.ActiveCfg = Debug|x64
		{ADA0FBA8-C692-435B-9557-FD9EB5E0B2C7}.Debug|Any CPU.Build.0 = Debug|x64
		{ADA0FBA8-C692-435B-9557-FD9EB5E0B2C7}.Debug|x64.ActiveCfg = Debug|x64
		{ADA0FBA8-C692-435B-9557-FD9EB5E0B2C7}.Debug|x64.Build.0 = Debug|x64
		{ADA0FBA8-C692-435B-9557-FD9EB5E0B2C7}.Debug|x86.ActiveCfg = Debug|Win32
		{ADA0FBA8-C692-435B-9557-FD9EB5E0B2C7}.Debug|x86.Build.0 = Debug|Win32
		{ADA0FBA8-C692-435B-9557-FD9EB5E0B2C7}.Release|Any CPU.ActiveCfg = Release|x64
		{ADA0FBA8-C692-435B-9557-FD9EB5E0B2C7}.Release|Any CPU.Build.0 = Release|x64
		{ADA0FBA8-C692-435B-9557-FD9EB5E0B2C7}.Release|x64.ActiveCfg = Release|x64
		{ADA0FBA8-C692-435B-9557-FD9EB5E0B2C7}.Release|x64.Build.0 = Release|x64
		{ADA0FBA8-C692-435B-9557-FD9EB5E0B2C7}.Release|x86.ActiveCfg = Release|Win32
		{ADA0FBA8-C692-435B-9557-FD9EB5E0B2C7}.Release|x86.Build.0 = Release|Win32
		{36696965-BA1C-4307-9C62-022F13A768F8}.Debug|Any CPU.ActiveCfg = Debug|x64
		{36696965-BA1C-4307-9C62-022F13A768F8}.Debug|Any CPU.Build.0 = Debug|x64
		{36696965-BA1C-4307-9C62-022F13A768F8}.Debug|x64.ActiveCfg = Debug|x64
		{36696965-BA1C-4307-9C62-022F13A768F8}.Debug|x64.Build.0 = Debug|x64
		{36696965-BA1C-4307-9C62-022F13A768F8}.Debug|x86.ActiveCfg = Debug|Win32
		{36696965-BA1C-4307-9C62-022F13A768F8}.Debug|x86.Build.0 = Debug|Win32
		{36696965-BA1C-4307-9C62-022F13A768F8}.Release|Any CPU.ActiveCfg = Release|x64
		{36696965-BA1C-4307-9C62-022F13A768F8}.Release|Any CPU.Build.0 = Release|x64
		{36696965-BA1C-4307-9C62-022F13A768F8}.Release|x64.ActiveCfg = Release|x64
		{36696965-BA1C-4307-9C62-022F13A768F8}.Release|x64.Build.0 = Release|x64
		{36696965-BA1C-4307-9C62-022F13A768F8}.Release|x86.ActiveCfg = Release|Win32
		{36696965-BA1C-4307-9C62-022F13A768F8}.Release|x86.Build.0 = Release|Win32
	EndGlobalSection
	GlobalSection(SolutionProperties) = preSolution
		HideSolutionNode = FALSE
	EndGlobalSection
	GlobalSection(ExtensibilityGlobals) = postSolution
		SolutionGuid = {EF0E7C31-0DBB-461D-A44A-ED7E35FDCE33}
	EndGlobalSection
EndGlobal
