<?xml version="1.0" encoding="utf-8"?>
<Project ToolsVersion="4.0" xmlns="http://schemas.microsoft.com/developer/msbuild/2003">
  <ItemGroup>
    <Filter Include="Resource Files">
      <UniqueIdentifier>{67DA6AB6-F800-4c08-8B7A-83BB121AAD01}</UniqueIdentifier>
      <Extensions>rc;ico;cur;bmp;dlg;rc2;rct;bin;rgs;gif;jpg;jpeg;jpe;resx;tiff;tif;png;wav;mfcribbon-ms</Extensions>
    </Filter>
    <Filter Include="date_formula">
      <UniqueIdentifier>{43ffadac-8b7e-4516-b557-6c43c6a01c76}</UniqueIdentifier>
    </Filter>
    <Filter Include="cashflow_gen">
      <UniqueIdentifier>{8a577804-a989-47ad-b30a-e96a10243b51}</UniqueIdentifier>
    </Filter>
  </ItemGroup>
  <ItemGroup>
    <None Include="packages.config" />
  </ItemGroup>
  <ItemGroup>
    <ClCompile Include="..\..\src\derived_time\date_formula\date_formula.cpp">
      <Filter>date_formula</Filter>
    </ClCompile>
    <ClCompile Include="..\..\src\derived_time\cashflow_gen\cashflow_gen.cpp">
      <Filter>cashflow_gen</Filter>
    </ClCompile>
  </ItemGroup>
  <ItemGroup>
    <ClInclude Include="..\..\src\derived_time\date_formula\date_formula.h">
      <Filter>date_formula</Filter>
    </ClInclude>
    <ClInclude Include="..\..\src\derived_time\cashflow_gen\cashflow_gen.h">
      <Filter>cashflow_gen</Filter>
    </ClInclude>
  </ItemGroup>
</Project>